// !$*UTF8*$!
{
	archiveVersion = 1;
	classes = {
	};
	objectVersion = 50;
	objects = {

/* Begin PBXBuildFile section */
		0BA383FA214E1356001C449E /* ItemDetails.swift in Sources */ = {isa = PBXBuildFile; fileRef = 0BA383F9214E1356001C449E /* ItemDetails.swift */; };
		0BA383FC214E1404001C449E /* CartInfo.swift in Sources */ = {isa = PBXBuildFile; fileRef = 0BA383FB214E1404001C449E /* CartInfo.swift */; };
		0BF5F2B3214CA6040039A85F /* AppDelegate.swift in Sources */ = {isa = PBXBuildFile; fileRef = 0BF5F2B2214CA6040039A85F /* AppDelegate.swift */; };
		0BF5F2B5214CA6040039A85F /* ViewController.swift in Sources */ = {isa = PBXBuildFile; fileRef = 0BF5F2B4214CA6040039A85F /* ViewController.swift */; };
		0BF5F2B8214CA6040039A85F /* Main.storyboard in Resources */ = {isa = PBXBuildFile; fileRef = 0BF5F2B6214CA6040039A85F /* Main.storyboard */; };
		0BF5F2BA214CA6050039A85F /* Assets.xcassets in Resources */ = {isa = PBXBuildFile; fileRef = 0BF5F2B9214CA6050039A85F /* Assets.xcassets */; };
		0BF5F2BD214CA6050039A85F /* LaunchScreen.storyboard in Resources */ = {isa = PBXBuildFile; fileRef = 0BF5F2BB214CA6050039A85F /* LaunchScreen.storyboard */; };
		0BF5F2C5214CB4390039A85F /* RootTableViewController.swift in Sources */ = {isa = PBXBuildFile; fileRef = 0BF5F2C4214CB4390039A85F /* RootTableViewController.swift */; };
		0BF5F2CB214CE9440039A85F /* RealmSwift.framework in Frameworks */ = {isa = PBXBuildFile; fileRef = 0BF5F2C9214CE9440039A85F /* RealmSwift.framework */; };
		0BF5F2CC214CE9440039A85F /* RealmSwift.framework in Embed Frameworks */ = {isa = PBXBuildFile; fileRef = 0BF5F2C9214CE9440039A85F /* RealmSwift.framework */; settings = {ATTRIBUTES = (CodeSignOnCopy, RemoveHeadersOnCopy, ); }; };
		0BF5F2CD214CE9440039A85F /* Realm.framework in Frameworks */ = {isa = PBXBuildFile; fileRef = 0BF5F2CA214CE9440039A85F /* Realm.framework */; };
		0BF5F2CE214CE9440039A85F /* Realm.framework in Embed Frameworks */ = {isa = PBXBuildFile; fileRef = 0BF5F2CA214CE9440039A85F /* Realm.framework */; settings = {ATTRIBUTES = (CodeSignOnCopy, RemoveHeadersOnCopy, ); }; };
		0BF5F2D3214CF7610039A85F /* MenuInfo.swift in Sources */ = {isa = PBXBuildFile; fileRef = 0BF5F2D2214CF7610039A85F /* MenuInfo.swift */; };
		0BF5F2D5214DEB1C0039A85F /* ItemInfo.swift in Sources */ = {isa = PBXBuildFile; fileRef = 0BF5F2D4214DEB1C0039A85F /* ItemInfo.swift */; };
/* End PBXBuildFile section */

/* Begin PBXCopyFilesBuildPhase section */
		0BF5F2CF214CE9450039A85F /* Embed Frameworks */ = {
			isa = PBXCopyFilesBuildPhase;
			buildActionMask = 2147483647;
			dstPath = "";
			dstSubfolderSpec = 10;
			files = (
				0BF5F2CE214CE9440039A85F /* Realm.framework in Embed Frameworks */,
				0BF5F2CC214CE9440039A85F /* RealmSwift.framework in Embed Frameworks */,
			);
			name = "Embed Frameworks";
			runOnlyForDeploymentPostprocessing = 0;
		};
/* End PBXCopyFilesBuildPhase section */

/* Begin PBXFileReference section */
		0BA383F9214E1356001C449E /* ItemDetails.swift */ = {isa = PBXFileReference; lastKnownFileType = sourcecode.swift; path = ItemDetails.swift; sourceTree = "<group>"; };
		0BA383FB214E1404001C449E /* CartInfo.swift */ = {isa = PBXFileReference; lastKnownFileType = sourcecode.swift; path = CartInfo.swift; sourceTree = "<group>"; };
		0BF5F2AF214CA6040039A85F /* xiaoni.app */ = {isa = PBXFileReference; explicitFileType = wrapper.application; includeInIndex = 0; path = xiaoni.app; sourceTree = BUILT_PRODUCTS_DIR; };
		0BF5F2B2214CA6040039A85F /* AppDelegate.swift */ = {isa = PBXFileReference; lastKnownFileType = sourcecode.swift; path = AppDelegate.swift; sourceTree = "<group>"; };
		0BF5F2B4214CA6040039A85F /* ViewController.swift */ = {isa = PBXFileReference; lastKnownFileType = sourcecode.swift; path = ViewController.swift; sourceTree = "<group>"; };
		0BF5F2B7214CA6040039A85F /* Base */ = {isa = PBXFileReference; lastKnownFileType = file.storyboard; name = Base; path = Base.lproj/Main.storyboard; sourceTree = "<group>"; };
		0BF5F2B9214CA6050039A85F /* Assets.xcassets */ = {isa = PBXFileReference; lastKnownFileType = folder.assetcatalog; path = Assets.xcassets; sourceTree = "<group>"; };
		0BF5F2BC214CA6050039A85F /* Base */ = {isa = PBXFileReference; lastKnownFileType = file.storyboard; name = Base; path = Base.lproj/LaunchScreen.storyboard; sourceTree = "<group>"; };
		0BF5F2BE214CA6050039A85F /* Info.plist */ = {isa = PBXFileReference; lastKnownFileType = text.plist.xml; path = Info.plist; sourceTree = "<group>"; };
		0BF5F2C4214CB4390039A85F /* RootTableViewController.swift */ = {isa = PBXFileReference; lastKnownFileType = sourcecode.swift; path = RootTableViewController.swift; sourceTree = "<group>"; };
		0BF5F2C9214CE9440039A85F /* RealmSwift.framework */ = {isa = PBXFileReference; lastKnownFileType = wrapper.framework; name = RealmSwift.framework; path = Resources/RealmSwift.framework; sourceTree = "<group>"; };
		0BF5F2CA214CE9440039A85F /* Realm.framework */ = {isa = PBXFileReference; lastKnownFileType = wrapper.framework; name = Realm.framework; path = Resources/Realm.framework; sourceTree = "<group>"; };
		0BF5F2D2214CF7610039A85F /* MenuInfo.swift */ = {isa = PBXFileReference; lastKnownFileType = sourcecode.swift; path = MenuInfo.swift; sourceTree = "<group>"; };
		0BF5F2D4214DEB1C0039A85F /* ItemInfo.swift */ = {isa = PBXFileReference; lastKnownFileType = sourcecode.swift; path = ItemInfo.swift; sourceTree = "<group>"; };
/* End PBXFileReference section */

/* Begin PBXFrameworksBuildPhase section */
		0BF5F2AC214CA6040039A85F /* Frameworks */ = {
			isa = PBXFrameworksBuildPhase;
			buildActionMask = 2147483647;
			files = (
				0BF5F2CD214CE9440039A85F /* Realm.framework in Frameworks */,
				0BF5F2CB214CE9440039A85F /* RealmSwift.framework in Frameworks */,
			);
			runOnlyForDeploymentPostprocessing = 0;
		};
/* End PBXFrameworksBuildPhase section */

/* Begin PBXGroup section */
		0BF5F2A6214CA6040039A85F = {
			isa = PBXGroup;
			children = (
				0BF5F2CA214CE9440039A85F /* Realm.framework */,
				0BF5F2C9214CE9440039A85F /* RealmSwift.framework */,
				0BF5F2B1214CA6040039A85F /* xiaoni */,
				0BF5F2B0214CA6040039A85F /* Products */,
			);
			sourceTree = "<group>";
		};
		0BF5F2B0214CA6040039A85F /* Products */ = {
			isa = PBXGroup;
			children = (
				0BF5F2AF214CA6040039A85F /* xiaoni.app */,
			);
			name = Products;
			sourceTree = "<group>";
		};
		0BF5F2B1214CA6040039A85F /* xiaoni */ = {
			isa = PBXGroup;
			children = (
				0BF5F2D1214CE9F80039A85F /* Entity */,
				0BF5F2B2214CA6040039A85F /* AppDelegate.swift */,
				0BF5F2B4214CA6040039A85F /* ViewController.swift */,
				0BF5F2C4214CB4390039A85F /* RootTableViewController.swift */,
				0BF5F2B6214CA6040039A85F /* Main.storyboard */,
				0BF5F2B9214CA6050039A85F /* Assets.xcassets */,
				0BF5F2BB214CA6050039A85F /* LaunchScreen.storyboard */,
				0BF5F2BE214CA6050039A85F /* Info.plist */,
			);
			path = xiaoni;
			sourceTree = "<group>";
		};
		0BF5F2D1214CE9F80039A85F /* Entity */ = {
			isa = PBXGroup;
			children = (
				0BF5F2D2214CF7610039A85F /* MenuInfo.swift */,
				0BF5F2D4214DEB1C0039A85F /* ItemInfo.swift */,
				0BA383F9214E1356001C449E /* ItemDetails.swift */,
				0BA383FB214E1404001C449E /* CartInfo.swift */,
			);
			path = Entity;
			sourceTree = "<group>";
		};
/* End PBXGroup section */

/* Begin PBXNativeTarget section */
		0BF5F2AE214CA6040039A85F /* xiaoni */ = {
			isa = PBXNativeTarget;
			buildConfigurationList = 0BF5F2C1214CA6050039A85F /* Build configuration list for PBXNativeTarget "xiaoni" */;
			buildPhases = (
				0BF5F2AB214CA6040039A85F /* Sources */,
				0BF5F2AC214CA6040039A85F /* Frameworks */,
				0BF5F2AD214CA6040039A85F /* Resources */,
				0BF5F2CF214CE9450039A85F /* Embed Frameworks */,
			);
			buildRules = (
			);
			dependencies = (
			);
			name = xiaoni;
			productName = xiaoni;
			productReference = 0BF5F2AF214CA6040039A85F /* xiaoni.app */;
			productType = "com.apple.product-type.application";
		};
/* End PBXNativeTarget section */

/* Begin PBXProject section */
		0BF5F2A7214CA6040039A85F /* Project object */ = {
			isa = PBXProject;
			attributes = {
				LastSwiftUpdateCheck = 0940;
				LastUpgradeCheck = 0940;
				ORGANIZATIONNAME = Jzhous;
				TargetAttributes = {
					0BF5F2AE214CA6040039A85F = {
						CreatedOnToolsVersion = 9.4.1;
					};
				};
			};
			buildConfigurationList = 0BF5F2AA214CA6040039A85F /* Build configuration list for PBXProject "xiaoni" */;
			compatibilityVersion = "Xcode 9.3";
			developmentRegion = en;
			hasScannedForEncodings = 0;
			knownRegions = (
				en,
				Base,
			);
			mainGroup = 0BF5F2A6214CA6040039A85F;
			productRefGroup = 0BF5F2B0214CA6040039A85F /* Products */;
			projectDirPath = "";
			projectRoot = "";
			targets = (
				0BF5F2AE214CA6040039A85F /* xiaoni */,
			);
		};
/* End PBXProject section */

/* Begin PBXResourcesBuildPhase section */
		0BF5F2AD214CA6040039A85F /* Resources */ = {
			isa = PBXResourcesBuildPhase;
			buildActionMask = 2147483647;
			files = (
				0BF5F2BD214CA6050039A85F /* LaunchScreen.storyboard in Resources */,
				0BF5F2BA214CA6050039A85F /* Assets.xcassets in Resources */,
				0BF5F2B8214CA6040039A85F /* Main.storyboard in Resources */,
			);
			runOnlyForDeploymentPostprocessing = 0;
		};
/* End PBXResourcesBuildPhase section */

/* Begin PBXSourcesBuildPhase section */
		0BF5F2AB214CA6040039A85F /* Sources */ = {
			isa = PBXSourcesBuildPhase;
			buildActionMask = 2147483647;
			files = (
				0BA383FC214E1404001C449E /* CartInfo.swift in Sources */,
				0BF5F2B5214CA6040039A85F /* ViewController.swift in Sources */,
				0BF5F2C5214CB4390039A85F /* RootTableViewController.swift in Sources */,
				0BF5F2D3214CF7610039A85F /* MenuInfo.swift in Sources */,
				0BA383FA214E1356001C449E /* ItemDetails.swift in Sources */,
				0BF5F2B3214CA6040039A85F /* AppDelegate.swift in Sources */,
				0BF5F2D5214DEB1C0039A85F /* ItemInfo.swift in Sources */,
			);
			runOnlyForDeploymentPostprocessing = 0;
		};
/* End PBXSourcesBuildPhase section */

/* Begin PBXVariantGroup section */
		0BF5F2B6214CA6040039A85F /* Main.storyboard */ = {
			isa = PBXVariantGroup;
			children = (
				0BF5F2B7214CA6040039A85F /* Base */,
			);
			name = Main.storyboard;
			sourceTree = "<group>";
		};
		0BF5F2BB214CA6050039A85F /* LaunchScreen.storyboard */ = {
			isa = PBXVariantGroup;
			children = (
				0BF5F2BC214CA6050039A85F /* Base */,
			);
			name = LaunchScreen.storyboard;
			sourceTree = "<group>";
		};
/* End PBXVariantGroup section */

/* Begin XCBuildConfiguration section */
		0BF5F2BF214CA6050039A85F /* Debug */ = {
			isa = XCBuildConfiguration;
			buildSettings = {
				ALWAYS_SEARCH_USER_PATHS = NO;
				CLANG_ANALYZER_NONNULL = YES;
				CLANG_ANALYZER_NUMBER_OBJECT_CONVERSION = YES_AGGRESSIVE;
				CLANG_CXX_LANGUAGE_STANDARD = "gnu++14";
				CLANG_CXX_LIBRARY = "libc++";
				CLANG_ENABLE_MODULES = YES;
				CLANG_ENABLE_OBJC_ARC = YES;
				CLANG_ENABLE_OBJC_WEAK = YES;
				CLANG_WARN_BLOCK_CAPTURE_AUTORELEASING = YES;
				CLANG_WARN_BOOL_CONVERSION = YES;
				CLANG_WARN_COMMA = YES;
				CLANG_WARN_CONSTANT_CONVERSION = YES;
				CLANG_WARN_DEPRECATED_OBJC_IMPLEMENTATIONS = YES;
				CLANG_WARN_DIRECT_OBJC_ISA_USAGE = YES_ERROR;
				CLANG_WARN_DOCUMENTATION_COMMENTS = YES;
				CLANG_WARN_EMPTY_BODY = YES;
				CLANG_WARN_ENUM_CONVERSION = YES;
				CLANG_WARN_INFINITE_RECURSION = YES;
				CLANG_WARN_INT_CONVERSION = YES;
				CLANG_WARN_NON_LITERAL_NULL_CONVERSION = YES;
				CLANG_WARN_OBJC_IMPLICIT_RETAIN_SELF = YES;
				CLANG_WARN_OBJC_LITERAL_CONVERSION = YES;
				CLANG_WARN_OBJC_ROOT_CLASS = YES_ERROR;
				CLANG_WARN_RANGE_LOOP_ANALYSIS = YES;
				CLANG_WARN_STRICT_PROTOTYPES = YES;
				CLANG_WARN_SUSPICIOUS_MOVE = YES;
				CLANG_WARN_UNGUARDED_AVAILABILITY = YES_AGGRESSIVE;
				CLANG_WARN_UNREACHABLE_CODE = YES;
				CLANG_WARN__DUPLICATE_METHOD_MATCH = YES;
				CODE_SIGN_IDENTITY = "iPhone Developer";
				COPY_PHASE_STRIP = NO;
				DEBUG_INFORMATION_FORMAT = dwarf;
				ENABLE_STRICT_OBJC_MSGSEND = YES;
				ENABLE_TESTABILITY = YES;
				GCC_C_LANGUAGE_STANDARD = gnu11;
				GCC_DYNAMIC_NO_PIC = NO;
				GCC_NO_COMMON_BLOCKS = YES;
				GCC_OPTIMIZATION_LEVEL = 0;
				GCC_PREPROCESSOR_DEFINITIONS = (
					"DEBUG=1",
					"$(inherited)",
				);
				GCC_WARN_64_TO_32_BIT_CONVERSION = YES;
				GCC_WARN_ABOUT_RETURN_TYPE = YES_ERROR;
				GCC_WARN_UNDECLARED_SELECTOR = YES;
				GCC_WARN_UNINITIALIZED_AUTOS = YES_AGGRESSIVE;
				GCC_WARN_UNUSED_FUNCTION = YES;
				GCC_WARN_UNUSED_VARIABLE = YES;
				IPHONEOS_DEPLOYMENT_TARGET = 11.4;
				MTL_ENABLE_DEBUG_INFO = YES;
				ONLY_ACTIVE_ARCH = YES;
				SDKROOT = iphoneos;
				SWIFT_ACTIVE_COMPILATION_CONDITIONS = DEBUG;
				SWIFT_OPTIMIZATION_LEVEL = "-Onone";
			};
			name = Debug;
		};
		0BF5F2C0214CA6050039A85F /* Release */ = {
			isa = XCBuildConfiguration;
			buildSettings = {
				ALWAYS_SEARCH_USER_PATHS = NO;
				CLANG_ANALYZER_NONNULL = YES;
				CLANG_ANALYZER_NUMBER_OBJECT_CONVERSION = YES_AGGRESSIVE;
				CLANG_CXX_LANGUAGE_STANDARD = "gnu++14";
				CLANG_CXX_LIBRARY = "libc++";
				CLANG_ENABLE_MODULES = YES;
				CLANG_ENABLE_OBJC_ARC = YES;
				CLANG_ENABLE_OBJC_WEAK = YES;
				CLANG_WARN_BLOCK_CAPTURE_AUTORELEASING = YES;
				CLANG_WARN_BOOL_CONVERSION = YES;
				CLANG_WARN_COMMA = YES;
				CLANG_WARN_CONSTANT_CONVERSION = YES;
				CLANG_WARN_DEPRECATED_OBJC_IMPLEMENTATIONS = YES;
				CLANG_WARN_DIRECT_OBJC_ISA_USAGE = YES_ERROR;
				CLANG_WARN_DOCUMENTATION_COMMENTS = YES;
				CLANG_WARN_EMPTY_BODY = YES;
				CLANG_WARN_ENUM_CONVERSION = YES;
				CLANG_WARN_INFINITE_RECURSION = YES;
				CLANG_WARN_INT_CONVERSION = YES;
				CLANG_WARN_NON_LITERAL_NULL_CONVERSION = YES;
				CLANG_WARN_OBJC_IMPLICIT_RETAIN_SELF = YES;
				CLANG_WARN_OBJC_LITERAL_CONVERSION = YES;
				CLANG_WARN_OBJC_ROOT_CLASS = YES_ERROR;
				CLANG_WARN_RANGE_LOOP_ANALYSIS = YES;
				CLANG_WARN_STRICT_PROTOTYPES = YES;
				CLANG_WARN_SUSPICIOUS_MOVE = YES;
				CLANG_WARN_UNGUARDED_AVAILABILITY = YES_AGGRESSIVE;
				CLANG_WARN_UNREACHABLE_CODE = YES;
				CLANG_WARN__DUPLICATE_METHOD_MATCH = YES;
				CODE_SIGN_IDENTITY = "iPhone Developer";
				COPY_PHASE_STRIP = NO;
				DEBUG_INFORMATION_FORMAT = "dwarf-with-dsym";
				ENABLE_NS_ASSERTIONS = NO;
				ENABLE_STRICT_OBJC_MSGSEND = YES;
				GCC_C_LANGUAGE_STANDARD = gnu11;
				GCC_NO_COMMON_BLOCKS = YES;
				GCC_WARN_64_TO_32_BIT_CONVERSION = YES;
				GCC_WARN_ABOUT_RETURN_TYPE = YES_ERROR;
				GCC_WARN_UNDECLARED_SELECTOR = YES;
				GCC_WARN_UNINITIALIZED_AUTOS = YES_AGGRESSIVE;
				GCC_WARN_UNUSED_FUNCTION = YES;
				GCC_WARN_UNUSED_VARIABLE = YES;
				IPHONEOS_DEPLOYMENT_TARGET = 11.4;
				MTL_ENABLE_DEBUG_INFO = NO;
				SDKROOT = iphoneos;
				SWIFT_COMPILATION_MODE = wholemodule;
				SWIFT_OPTIMIZATION_LEVEL = "-O";
				VALIDATE_PRODUCT = YES;
			};
			name = Release;
		};
		0BF5F2C2214CA6050039A85F /* Debug */ = {
			isa = XCBuildConfiguration;
			buildSettings = {
				ASSETCATALOG_COMPILER_APPICON_NAME = AppIcon;
				CODE_SIGN_STYLE = Automatic;
				DEVELOPMENT_TEAM = J8QBKBM7Q6;
				FRAMEWORK_SEARCH_PATHS = (
					"$(inherited)",
					"$(PROJECT_DIR)/Resources",
				);
				INFOPLIST_FILE = xiaoni/Info.plist;
				LD_RUNPATH_SEARCH_PATHS = (
					"$(inherited)",
					"@executable_path/Frameworks",
				);
				PRODUCT_BUNDLE_IDENTIFIER = jzhous.io.xiaoni;
				PRODUCT_NAME = "$(TARGET_NAME)";
				SWIFT_VERSION = 4.0;
				TARGETED_DEVICE_FAMILY = "1,2";
			};
			name = Debug;
		};
		0BF5F2C3214CA6050039A85F /* Release */ = {
			isa = XCBuildConfiguration;
			buildSettings = {
				ASSETCATALOG_COMPILER_APPICON_NAME = AppIcon;
				CODE_SIGN_STYLE = Automatic;
				DEVELOPMENT_TEAM = J8QBKBM7Q6;
				FRAMEWORK_SEARCH_PATHS = (
					"$(inherited)",
					"$(PROJECT_DIR)/Resources",
				);
				INFOPLIST_FILE = xiaoni/Info.plist;
				LD_RUNPATH_SEARCH_PATHS = (
					"$(inherited)",
					"@executable_path/Frameworks",
				);
				PRODUCT_BUNDLE_IDENTIFIER = jzhous.io.xiaoni;
				PRODUCT_NAME = "$(TARGET_NAME)";
				SWIFT_VERSION = 4.0;
				TARGETED_DEVICE_FAMILY = "1,2";
			};
			name = Release;
		};
/* End XCBuildConfiguration section */

/* Begin XCConfigurationList section */
		0BF5F2AA214CA6040039A85F /* Build configuration list for PBXProject "xiaoni" */ = {
			isa = XCConfigurationList;
			buildConfigurations = (
				0BF5F2BF214CA6050039A85F /* Debug */,
				0BF5F2C0214CA6050039A85F /* Release */,
			);
			defaultConfigurationIsVisible = 0;
			defaultConfigurationName = Release;
		};
		0BF5F2C1214CA6050039A85F /* Build configuration list for PBXNativeTarget "xiaoni" */ = {
			isa = XCConfigurationList;
			buildConfigurations = (
				0BF5F2C2214CA6050039A85F /* Debug */,
				0BF5F2C3214CA6050039A85F /* Release */,
			);
			defaultConfigurationIsVisible = 0;
			defaultConfigurationName = Release;
		};
/* End XCConfigurationList section */
	};
	rootObject = 0BF5F2A7214CA6040039A85F /* Project object */;
}
